
Microsoft Visual Studio Solution File, Format Version 12.00
# Visual Studio Version 16
VisualStudioVersion = 16.0.30320.27
MinimumVisualStudioVersion = 10.0.40219.1
Project("{9A19103F-16F7-4668-BE54-9A1E7A4F7556}") = "MarsRover.Core", "MarsRover.Core\MarsRover.Core.csproj", "{4E27DBF0-7976-443B-AF2F-83B8EF15BF82}"
EndProject
Project("{9A19103F-16F7-4668-BE54-9A1E7A4F7556}") = "MarsRover.Services", "MarsRover.Services\MarsRover.Services.csproj", "{21958D59-FE30-4462-B9E5-F6F4997C4683}"
EndProject
Project("{9A19103F-16F7-4668-BE54-9A1E7A4F7556}") = "MarsRover.UI.Console", "MarsRover.UI.Console\MarsRover.UI.Console.csproj", "{6C536298-114E-48E8-B96C-3B03CC73462F}"
EndProject
Global
	GlobalSection(SolutionConfigurationPlatforms) = preSolution
		Debug|Any CPU = Debug|Any CPU
		Release|Any CPU = Release|Any CPU
	EndGlobalSection
	GlobalSection(ProjectConfigurationPlatforms) = postSolution
		{4E27DBF0-7976-443B-AF2F-83B8EF15BF82}.Debug|Any CPU.ActiveCfg = Debug|Any CPU
		{4E27DBF0-7976-443B-AF2F-83B8EF15BF82}.Debug|Any CPU.Build.0 = Debug|Any CPU
		{4E27DBF0-7976-443B-AF2F-83B8EF15BF82}.Release|Any CPU.ActiveCfg = Release|Any CPU
		{4E27DBF0-7976-443B-AF2F-83B8EF15BF82}.Release|Any CPU.Build.0 = Release|Any CPU
		{21958D59-FE30-4462-B9E5-F6F4997C4683}.Debug|Any CPU.ActiveCfg = Debug|Any CPU
		{21958D59-FE30-4462-B9E5-F6F4997C4683}.Debug|Any CPU.Build.0 = Debug|Any CPU
		{21958D59-FE30-4462-B9E5-F6F4997C4683}.Release|Any CPU.ActiveCfg = Release|Any CPU
		{21958D59-FE30-4462-B9E5-F6F4997C4683}.Release|Any CPU.Build.0 = Release|Any CPU
		{6C536298-114E-48E8-B96C-3B03CC73462F}.Debug|Any CPU.ActiveCfg = Debug|Any CPU
		{6C536298-114E-48E8-B96C-3B03CC73462F}.Debug|Any CPU.Build.0 = Debug|Any CPU
		{6C536298-114E-48E8-B96C-3B03CC73462F}.Release|Any CPU.ActiveCfg = Release|Any CPU
		{6C536298-114E-48E8-B96C-3B03CC73462F}.Release|Any CPU.Build.0 = Release|Any CPU
	EndGlobalSection
	GlobalSection(SolutionProperties) = preSolution
		HideSolutionNode = FALSE
	EndGlobalSection
	GlobalSection(ExtensibilityGlobals) = postSolution
		SolutionGuid = {85ED8A27-B950-4916-8414-66D91D82ECF7}
	EndGlobalSection
EndGlobal
